// !$*UTF8*$!
{
	archiveVersion = 1;
	classes = {
	};
	objectVersion = 50;
	objects = {

/* Begin PBXBuildFile section */
		5BBE349F2642E34D00A2AAE0 /* AppDelegate.swift in Sources */ = {isa = PBXBuildFile; fileRef = 5BBE349E2642E34D00A2AAE0 /* AppDelegate.swift */; };
		5BBE34A12642E34D00A2AAE0 /* SceneDelegate.swift in Sources */ = {isa = PBXBuildFile; fileRef = 5BBE34A02642E34D00A2AAE0 /* SceneDelegate.swift */; };
		5BBE34A32642E34D00A2AAE0 /* ContentView.swift in Sources */ = {isa = PBXBuildFile; fileRef = 5BBE34A22642E34D00A2AAE0 /* ContentView.swift */; };
		5BBE34A52642E35000A2AAE0 /* Assets.xcassets in Resources */ = {isa = PBXBuildFile; fileRef = 5BBE34A42642E35000A2AAE0 /* Assets.xcassets */; };
		5BBE34A82642E35000A2AAE0 /* Preview Assets.xcassets in Resources */ = {isa = PBXBuildFile; fileRef = 5BBE34A72642E35000A2AAE0 /* Preview Assets.xcassets */; };
		5BBE34AB2642E35000A2AAE0 /* LaunchScreen.storyboard in Resources */ = {isa = PBXBuildFile; fileRef = 5BBE34A92642E35000A2AAE0 /* LaunchScreen.storyboard */; };
		5BBE34B62642E35000A2AAE0 /* MemoryMasteryTests.swift in Sources */ = {isa = PBXBuildFile; fileRef = 5BBE34B52642E35000A2AAE0 /* MemoryMasteryTests.swift */; };
		5BBE34C12642E35000A2AAE0 /* MemoryMasteryUITests.swift in Sources */ = {isa = PBXBuildFile; fileRef = 5BBE34C02642E35000A2AAE0 /* MemoryMasteryUITests.swift */; };
		5BBE34D02642E64400A2AAE0 /* Student.swift in Sources */ = {isa = PBXBuildFile; fileRef = 5BBE34CF2642E64400A2AAE0 /* Student.swift */; };
		5BBE34D22642E6AD00A2AAE0 /* ARCView.swift in Sources */ = {isa = PBXBuildFile; fileRef = 5BBE34D12642E6AD00A2AAE0 /* ARCView.swift */; };
		5BBE34D42642EAB800A2AAE0 /* ARCViewModel.swift in Sources */ = {isa = PBXBuildFile; fileRef = 5BBE34D32642EAB800A2AAE0 /* ARCViewModel.swift */; };
		5BBE34D62642ED6300A2AAE0 /* Teacher.swift in Sources */ = {isa = PBXBuildFile; fileRef = 5BBE34D52642ED6300A2AAE0 /* Teacher.swift */; };
		5BBE34D82642F21D00A2AAE0 /* Person.swift in Sources */ = {isa = PBXBuildFile; fileRef = 5BBE34D72642F21D00A2AAE0 /* Person.swift */; };
		5BBE34DA2642F22600A2AAE0 /* Job.swift in Sources */ = {isa = PBXBuildFile; fileRef = 5BBE34D92642F22600A2AAE0 /* Job.swift */; };
/* End PBXBuildFile section */

/* Begin PBXContainerItemProxy section */
		5BBE34B22642E35000A2AAE0 /* PBXContainerItemProxy */ = {
			isa = PBXContainerItemProxy;
			containerPortal = 5BBE34932642E34D00A2AAE0 /* Project object */;
			proxyType = 1;
			remoteGlobalIDString = 5BBE349A2642E34D00A2AAE0;
			remoteInfo = MemoryMastery;
		};
		5BBE34BD2642E35000A2AAE0 /* PBXContainerItemProxy */ = {
			isa = PBXContainerItemProxy;
			containerPortal = 5BBE34932642E34D00A2AAE0 /* Project object */;
			proxyType = 1;
			remoteGlobalIDString = 5BBE349A2642E34D00A2AAE0;
			remoteInfo = MemoryMastery;
		};
/* End PBXContainerItemProxy section */

/* Begin PBXFileReference section */
		5BBE349B2642E34D00A2AAE0 /* MemoryMastery.app */ = {isa = PBXFileReference; explicitFileType = wrapper.application; includeInIndex = 0; path = MemoryMastery.app; sourceTree = BUILT_PRODUCTS_DIR; };
		5BBE349E2642E34D00A2AAE0 /* AppDelegate.swift */ = {isa = PBXFileReference; lastKnownFileType = sourcecode.swift; path = AppDelegate.swift; sourceTree = "<group>"; };
		5BBE34A02642E34D00A2AAE0 /* SceneDelegate.swift */ = {isa = PBXFileReference; lastKnownFileType = sourcecode.swift; path = SceneDelegate.swift; sourceTree = "<group>"; };
		5BBE34A22642E34D00A2AAE0 /* ContentView.swift */ = {isa = PBXFileReference; lastKnownFileType = sourcecode.swift; path = ContentView.swift; sourceTree = "<group>"; };
		5BBE34A42642E35000A2AAE0 /* Assets.xcassets */ = {isa = PBXFileReference; lastKnownFileType = folder.assetcatalog; path = Assets.xcassets; sourceTree = "<group>"; };
		5BBE34A72642E35000A2AAE0 /* Preview Assets.xcassets */ = {isa = PBXFileReference; lastKnownFileType = folder.assetcatalog; path = "Preview Assets.xcassets"; sourceTree = "<group>"; };
		5BBE34AA2642E35000A2AAE0 /* Base */ = {isa = PBXFileReference; lastKnownFileType = file.storyboard; name = Base; path = Base.lproj/LaunchScreen.storyboard; sourceTree = "<group>"; };
		5BBE34AC2642E35000A2AAE0 /* Info.plist */ = {isa = PBXFileReference; lastKnownFileType = text.plist.xml; path = Info.plist; sourceTree = "<group>"; };
		5BBE34B12642E35000A2AAE0 /* MemoryMasteryTests.xctest */ = {isa = PBXFileReference; explicitFileType = wrapper.cfbundle; includeInIndex = 0; path = MemoryMasteryTests.xctest; sourceTree = BUILT_PRODUCTS_DIR; };
		5BBE34B52642E35000A2AAE0 /* MemoryMasteryTests.swift */ = {isa = PBXFileReference; lastKnownFileType = sourcecode.swift; path = MemoryMasteryTests.swift; sourceTree = "<group>"; };
		5BBE34B72642E35000A2AAE0 /* Info.plist */ = {isa = PBXFileReference; lastKnownFileType = text.plist.xml; path = Info.plist; sourceTree = "<group>"; };
		5BBE34BC2642E35000A2AAE0 /* MemoryMasteryUITests.xctest */ = {isa = PBXFileReference; explicitFileType = wrapper.cfbundle; includeInIndex = 0; path = MemoryMasteryUITests.xctest; sourceTree = BUILT_PRODUCTS_DIR; };
		5BBE34C02642E35000A2AAE0 /* MemoryMasteryUITests.swift */ = {isa = PBXFileReference; lastKnownFileType = sourcecode.swift; path = MemoryMasteryUITests.swift; sourceTree = "<group>"; };
		5BBE34C22642E35000A2AAE0 /* Info.plist */ = {isa = PBXFileReference; lastKnownFileType = text.plist.xml; path = Info.plist; sourceTree = "<group>"; };
		5BBE34CF2642E64400A2AAE0 /* Student.swift */ = {isa = PBXFileReference; lastKnownFileType = sourcecode.swift; path = Student.swift; sourceTree = "<group>"; };
		5BBE34D12642E6AD00A2AAE0 /* ARCView.swift */ = {isa = PBXFileReference; lastKnownFileType = sourcecode.swift; path = ARCView.swift; sourceTree = "<group>"; };
		5BBE34D32642EAB800A2AAE0 /* ARCViewModel.swift */ = {isa = PBXFileReference; lastKnownFileType = sourcecode.swift; path = ARCViewModel.swift; sourceTree = "<group>"; };
		5BBE34D52642ED6300A2AAE0 /* Teacher.swift */ = {isa = PBXFileReference; lastKnownFileType = sourcecode.swift; path = Teacher.swift; sourceTree = "<group>"; };
		5BBE34D72642F21D00A2AAE0 /* Person.swift */ = {isa = PBXFileReference; lastKnownFileType = sourcecode.swift; path = Person.swift; sourceTree = "<group>"; };
		5BBE34D92642F22600A2AAE0 /* Job.swift */ = {isa = PBXFileReference; lastKnownFileType = sourcecode.swift; path = Job.swift; sourceTree = "<group>"; };
/* End PBXFileReference section */

/* Begin PBXFrameworksBuildPhase section */
		5BBE34982642E34D00A2AAE0 /* Frameworks */ = {
			isa = PBXFrameworksBuildPhase;
			buildActionMask = 2147483647;
			files = (
			);
			runOnlyForDeploymentPostprocessing = 0;
		};
		5BBE34AE2642E35000A2AAE0 /* Frameworks */ = {
			isa = PBXFrameworksBuildPhase;
			buildActionMask = 2147483647;
			files = (
			);
			runOnlyForDeploymentPostprocessing = 0;
		};
		5BBE34B92642E35000A2AAE0 /* Frameworks */ = {
			isa = PBXFrameworksBuildPhase;
			buildActionMask = 2147483647;
			files = (
			);
			runOnlyForDeploymentPostprocessing = 0;
		};
/* End PBXFrameworksBuildPhase section */

/* Begin PBXGroup section */
		5BBE34922642E34D00A2AAE0 = {
			isa = PBXGroup;
			children = (
				5BBE349D2642E34D00A2AAE0 /* MemoryMastery */,
				5BBE34B42642E35000A2AAE0 /* MemoryMasteryTests */,
				5BBE34BF2642E35000A2AAE0 /* MemoryMasteryUITests */,
				5BBE349C2642E34D00A2AAE0 /* Products */,
			);
			sourceTree = "<group>";
		};
		5BBE349C2642E34D00A2AAE0 /* Products */ = {
			isa = PBXGroup;
			children = (
				5BBE349B2642E34D00A2AAE0 /* MemoryMastery.app */,
				5BBE34B12642E35000A2AAE0 /* MemoryMasteryTests.xctest */,
				5BBE34BC2642E35000A2AAE0 /* MemoryMasteryUITests.xctest */,
			);
			name = Products;
			sourceTree = "<group>";
		};
		5BBE349D2642E34D00A2AAE0 /* MemoryMastery */ = {
			isa = PBXGroup;
			children = (
				5BBE34CE2642E61000A2AAE0 /* ARC */,
				5BBE349E2642E34D00A2AAE0 /* AppDelegate.swift */,
				5BBE34A02642E34D00A2AAE0 /* SceneDelegate.swift */,
				5BBE34A22642E34D00A2AAE0 /* ContentView.swift */,
				5BBE34A42642E35000A2AAE0 /* Assets.xcassets */,
				5BBE34A92642E35000A2AAE0 /* LaunchScreen.storyboard */,
				5BBE34AC2642E35000A2AAE0 /* Info.plist */,
				5BBE34A62642E35000A2AAE0 /* Preview Content */,
			);
			path = MemoryMastery;
			sourceTree = "<group>";
		};
		5BBE34A62642E35000A2AAE0 /* Preview Content */ = {
			isa = PBXGroup;
			children = (
				5BBE34A72642E35000A2AAE0 /* Preview Assets.xcassets */,
			);
			path = "Preview Content";
			sourceTree = "<group>";
		};
		5BBE34B42642E35000A2AAE0 /* MemoryMasteryTests */ = {
			isa = PBXGroup;
			children = (
				5BBE34B52642E35000A2AAE0 /* MemoryMasteryTests.swift */,
				5BBE34B72642E35000A2AAE0 /* Info.plist */,
			);
			path = MemoryMasteryTests;
			sourceTree = "<group>";
		};
		5BBE34BF2642E35000A2AAE0 /* MemoryMasteryUITests */ = {
			isa = PBXGroup;
			children = (
				5BBE34C02642E35000A2AAE0 /* MemoryMasteryUITests.swift */,
				5BBE34C22642E35000A2AAE0 /* Info.plist */,
			);
			path = MemoryMasteryUITests;
			sourceTree = "<group>";
		};
		5BBE34CE2642E61000A2AAE0 /* ARC */ = {
			isa = PBXGroup;
			children = (
				5BBE34CF2642E64400A2AAE0 /* Student.swift */,
				5BBE34D52642ED6300A2AAE0 /* Teacher.swift */,
				5BBE34D72642F21D00A2AAE0 /* Person.swift */,
				5BBE34D92642F22600A2AAE0 /* Job.swift */,
				5BBE34D32642EAB800A2AAE0 /* ARCViewModel.swift */,
				5BBE34D12642E6AD00A2AAE0 /* ARCView.swift */,
			);
			path = ARC;
			sourceTree = "<group>";
		};
/* End PBXGroup section */

/* Begin PBXNativeTarget section */
		5BBE349A2642E34D00A2AAE0 /* MemoryMastery */ = {
			isa = PBXNativeTarget;
			buildConfigurationList = 5BBE34C52642E35000A2AAE0 /* Build configuration list for PBXNativeTarget "MemoryMastery" */;
			buildPhases = (
				5BBE34972642E34D00A2AAE0 /* Sources */,
				5BBE34982642E34D00A2AAE0 /* Frameworks */,
				5BBE34992642E34D00A2AAE0 /* Resources */,
			);
			buildRules = (
			);
			dependencies = (
			);
			name = MemoryMastery;
			productName = MemoryMastery;
			productReference = 5BBE349B2642E34D00A2AAE0 /* MemoryMastery.app */;
			productType = "com.apple.product-type.application";
		};
		5BBE34B02642E35000A2AAE0 /* MemoryMasteryTests */ = {
			isa = PBXNativeTarget;
			buildConfigurationList = 5BBE34C82642E35000A2AAE0 /* Build configuration list for PBXNativeTarget "MemoryMasteryTests" */;
			buildPhases = (
				5BBE34AD2642E35000A2AAE0 /* Sources */,
				5BBE34AE2642E35000A2AAE0 /* Frameworks */,
				5BBE34AF2642E35000A2AAE0 /* Resources */,
			);
			buildRules = (
			);
			dependencies = (
				5BBE34B32642E35000A2AAE0 /* PBXTargetDependency */,
			);
			name = MemoryMasteryTests;
			productName = MemoryMasteryTests;
			productReference = 5BBE34B12642E35000A2AAE0 /* MemoryMasteryTests.xctest */;
			productType = "com.apple.product-type.bundle.unit-test";
		};
		5BBE34BB2642E35000A2AAE0 /* MemoryMasteryUITests */ = {
			isa = PBXNativeTarget;
			buildConfigurationList = 5BBE34CB2642E35000A2AAE0 /* Build configuration list for PBXNativeTarget "MemoryMasteryUITests" */;
			buildPhases = (
				5BBE34B82642E35000A2AAE0 /* Sources */,
				5BBE34B92642E35000A2AAE0 /* Frameworks */,
				5BBE34BA2642E35000A2AAE0 /* Resources */,
			);
			buildRules = (
			);
			dependencies = (
				5BBE34BE2642E35000A2AAE0 /* PBXTargetDependency */,
			);
			name = MemoryMasteryUITests;
			productName = MemoryMasteryUITests;
			productReference = 5BBE34BC2642E35000A2AAE0 /* MemoryMasteryUITests.xctest */;
			productType = "com.apple.product-type.bundle.ui-testing";
		};
/* End PBXNativeTarget section */

/* Begin PBXProject section */
		5BBE34932642E34D00A2AAE0 /* Project object */ = {
			isa = PBXProject;
			attributes = {
				LastSwiftUpdateCheck = 1250;
				LastUpgradeCheck = 1250;
				TargetAttributes = {
					5BBE349A2642E34D00A2AAE0 = {
						CreatedOnToolsVersion = 12.5;
					};
					5BBE34B02642E35000A2AAE0 = {
						CreatedOnToolsVersion = 12.5;
						TestTargetID = 5BBE349A2642E34D00A2AAE0;
					};
					5BBE34BB2642E35000A2AAE0 = {
						CreatedOnToolsVersion = 12.5;
						TestTargetID = 5BBE349A2642E34D00A2AAE0;
					};
				};
			};
			buildConfigurationList = 5BBE34962642E34D00A2AAE0 /* Build configuration list for PBXProject "MemoryMastery" */;
			compatibilityVersion = "Xcode 9.3";
			developmentRegion = en;
			hasScannedForEncodings = 0;
			knownRegions = (
				en,
				Base,
			);
			mainGroup = 5BBE34922642E34D00A2AAE0;
			productRefGroup = 5BBE349C2642E34D00A2AAE0 /* Products */;
			projectDirPath = "";
			projectRoot = "";
			targets = (
				5BBE349A2642E34D00A2AAE0 /* MemoryMastery */,
				5BBE34B02642E35000A2AAE0 /* MemoryMasteryTests */,
				5BBE34BB2642E35000A2AAE0 /* MemoryMasteryUITests */,
			);
		};
/* End PBXProject section */

/* Begin PBXResourcesBuildPhase section */
		5BBE34992642E34D00A2AAE0 /* Resources */ = {
			isa = PBXResourcesBuildPhase;
			buildActionMask = 2147483647;
			files = (
				5BBE34AB2642E35000A2AAE0 /* LaunchScreen.storyboard in Resources */,
				5BBE34A82642E35000A2AAE0 /* Preview Assets.xcassets in Resources */,
				5BBE34A52642E35000A2AAE0 /* Assets.xcassets in Resources */,
			);
			runOnlyForDeploymentPostprocessing = 0;
		};
		5BBE34AF2642E35000A2AAE0 /* Resources */ = {
			isa = PBXResourcesBuildPhase;
			buildActionMask = 2147483647;
			files = (
			);
			runOnlyForDeploymentPostprocessing = 0;
		};
		5BBE34BA2642E35000A2AAE0 /* Resources */ = {
			isa = PBXResourcesBuildPhase;
			buildActionMask = 2147483647;
			files = (
			);
			runOnlyForDeploymentPostprocessing = 0;
		};
/* End PBXResourcesBuildPhase section */

/* Begin PBXSourcesBuildPhase section */
		5BBE34972642E34D00A2AAE0 /* Sources */ = {
			isa = PBXSourcesBuildPhase;
			buildActionMask = 2147483647;
			files = (
				5BBE349F2642E34D00A2AAE0 /* AppDelegate.swift in Sources */,
				5BBE34A12642E34D00A2AAE0 /* SceneDelegate.swift in Sources */,
				5BBE34A32642E34D00A2AAE0 /* ContentView.swift in Sources */,
				5BBE34D22642E6AD00A2AAE0 /* ARCView.swift in Sources */,
				5BBE34DA2642F22600A2AAE0 /* Job.swift in Sources */,
				5BBE34D02642E64400A2AAE0 /* Student.swift in Sources */,
				5BBE34D62642ED6300A2AAE0 /* Teacher.swift in Sources */,
				5BBE34D82642F21D00A2AAE0 /* Person.swift in Sources */,
				5BBE34D42642EAB800A2AAE0 /* ARCViewModel.swift in Sources */,
			);
			runOnlyForDeploymentPostprocessing = 0;
		};
		5BBE34AD2642E35000A2AAE0 /* Sources */ = {
			isa = PBXSourcesBuildPhase;
			buildActionMask = 2147483647;
			files = (
				5BBE34B62642E35000A2AAE0 /* MemoryMasteryTests.swift in Sources */,
			);
			runOnlyForDeploymentPostprocessing = 0;
		};
		5BBE34B82642E35000A2AAE0 /* Sources */ = {
			isa = PBXSourcesBuildPhase;
			buildActionMask = 2147483647;
			files = (
				5BBE34C12642E35000A2AAE0 /* MemoryMasteryUITests.swift in Sources */,
			);
			runOnlyForDeploymentPostprocessing = 0;
		};
/* End PBXSourcesBuildPhase section */

/* Begin PBXTargetDependency section */
		5BBE34B32642E35000A2AAE0 /* PBXTargetDependency */ = {
			isa = PBXTargetDependency;
			target = 5BBE349A2642E34D00A2AAE0 /* MemoryMastery */;
			targetProxy = 5BBE34B22642E35000A2AAE0 /* PBXContainerItemProxy */;
		};
		5BBE34BE2642E35000A2AAE0 /* PBXTargetDependency */ = {
			isa = PBXTargetDependency;
			target = 5BBE349A2642E34D00A2AAE0 /* MemoryMastery */;
			targetProxy = 5BBE34BD2642E35000A2AAE0 /* PBXContainerItemProxy */;
		};
/* End PBXTargetDependency section */

/* Begin PBXVariantGroup section */
		5BBE34A92642E35000A2AAE0 /* LaunchScreen.storyboard */ = {
			isa = PBXVariantGroup;
			children = (
				5BBE34AA2642E35000A2AAE0 /* Base */,
			);
			name = LaunchScreen.storyboard;
			sourceTree = "<group>";
		};
/* End PBXVariantGroup section */

/* Begin XCBuildConfiguration section */
		5BBE34C32642E35000A2AAE0 /* Debug */ = {
			isa = XCBuildConfiguration;
			buildSettings = {
				ALWAYS_SEARCH_USER_PATHS = NO;
				CLANG_ANALYZER_NONNULL = YES;
				CLANG_ANALYZER_NUMBER_OBJECT_CONVERSION = YES_AGGRESSIVE;
				CLANG_CXX_LANGUAGE_STANDARD = "gnu++14";
				CLANG_CXX_LIBRARY = "libc++";
				CLANG_ENABLE_MODULES = YES;
				CLANG_ENABLE_OBJC_ARC = YES;
				CLANG_ENABLE_OBJC_WEAK = YES;
				CLANG_WARN_BLOCK_CAPTURE_AUTORELEASING = YES;
				CLANG_WARN_BOOL_CONVERSION = YES;
				CLANG_WARN_COMMA = YES;
				CLANG_WARN_CONSTANT_CONVERSION = YES;
				CLANG_WARN_DEPRECATED_OBJC_IMPLEMENTATIONS = YES;
				CLANG_WARN_DIRECT_OBJC_ISA_USAGE = YES_ERROR;
				CLANG_WARN_DOCUMENTATION_COMMENTS = YES;
				CLANG_WARN_EMPTY_BODY = YES;
				CLANG_WARN_ENUM_CONVERSION = YES;
				CLANG_WARN_INFINITE_RECURSION = YES;
				CLANG_WARN_INT_CONVERSION = YES;
				CLANG_WARN_NON_LITERAL_NULL_CONVERSION = YES;
				CLANG_WARN_OBJC_IMPLICIT_RETAIN_SELF = YES;
				CLANG_WARN_OBJC_LITERAL_CONVERSION = YES;
				CLANG_WARN_OBJC_ROOT_CLASS = YES_ERROR;
				CLANG_WARN_QUOTED_INCLUDE_IN_FRAMEWORK_HEADER = YES;
				CLANG_WARN_RANGE_LOOP_ANALYSIS = YES;
				CLANG_WARN_STRICT_PROTOTYPES = YES;
				CLANG_WARN_SUSPICIOUS_MOVE = YES;
				CLANG_WARN_UNGUARDED_AVAILABILITY = YES_AGGRESSIVE;
				CLANG_WARN_UNREACHABLE_CODE = YES;
				CLANG_WARN__DUPLICATE_METHOD_MATCH = YES;
				COPY_PHASE_STRIP = NO;
				DEBUG_INFORMATION_FORMAT = dwarf;
				ENABLE_STRICT_OBJC_MSGSEND = YES;
				ENABLE_TESTABILITY = YES;
				GCC_C_LANGUAGE_STANDARD = gnu11;
				GCC_DYNAMIC_NO_PIC = NO;
				GCC_NO_COMMON_BLOCKS = YES;
				GCC_OPTIMIZATION_LEVEL = 0;
				GCC_PREPROCESSOR_DEFINITIONS = (
					"DEBUG=1",
					"$(inherited)",
				);
				GCC_WARN_64_TO_32_BIT_CONVERSION = YES;
				GCC_WARN_ABOUT_RETURN_TYPE = YES_ERROR;
				GCC_WARN_UNDECLARED_SELECTOR = YES;
				GCC_WARN_UNINITIALIZED_AUTOS = YES_AGGRESSIVE;
				GCC_WARN_UNUSED_FUNCTION = YES;
				GCC_WARN_UNUSED_VARIABLE = YES;
				IPHONEOS_DEPLOYMENT_TARGET = 14.5;
				MTL_ENABLE_DEBUG_INFO = INCLUDE_SOURCE;
				MTL_FAST_MATH = YES;
				ONLY_ACTIVE_ARCH = YES;
				SDKROOT = iphoneos;
				SWIFT_ACTIVE_COMPILATION_CONDITIONS = DEBUG;
				SWIFT_OPTIMIZATION_LEVEL = "-Onone";
			};
			name = Debug;
		};
		5BBE34C42642E35000A2AAE0 /* Release */ = {
			isa = XCBuildConfiguration;
			buildSettings = {
				ALWAYS_SEARCH_USER_PATHS = NO;
				CLANG_ANALYZER_NONNULL = YES;
				CLANG_ANALYZER_NUMBER_OBJECT_CONVERSION = YES_AGGRESSIVE;
				CLANG_CXX_LANGUAGE_STANDARD = "gnu++14";
				CLANG_CXX_LIBRARY = "libc++";
				CLANG_ENABLE_MODULES = YES;
				CLANG_ENABLE_OBJC_ARC = YES;
				CLANG_ENABLE_OBJC_WEAK = YES;
				CLANG_WARN_BLOCK_CAPTURE_AUTORELEASING = YES;
				CLANG_WARN_BOOL_CONVERSION = YES;
				CLANG_WARN_COMMA = YES;
				CLANG_WARN_CONSTANT_CONVERSION = YES;
				CLANG_WARN_DEPRECATED_OBJC_IMPLEMENTATIONS = YES;
				CLANG_WARN_DIRECT_OBJC_ISA_USAGE = YES_ERROR;
				CLANG_WARN_DOCUMENTATION_COMMENTS = YES;
				CLANG_WARN_EMPTY_BODY = YES;
				CLANG_WARN_ENUM_CONVERSION = YES;
				CLANG_WARN_INFINITE_RECURSION = YES;
				CLANG_WARN_INT_CONVERSION = YES;
				CLANG_WARN_NON_LITERAL_NULL_CONVERSION = YES;
				CLANG_WARN_OBJC_IMPLICIT_RETAIN_SELF = YES;
				CLANG_WARN_OBJC_LITERAL_CONVERSION = YES;
				CLANG_WARN_OBJC_ROOT_CLASS = YES_ERROR;
				CLANG_WARN_QUOTED_INCLUDE_IN_FRAMEWORK_HEADER = YES;
				CLANG_WARN_RANGE_LOOP_ANALYSIS = YES;
				CLANG_WARN_STRICT_PROTOTYPES = YES;
				CLANG_WARN_SUSPICIOUS_MOVE = YES;
				CLANG_WARN_UNGUARDED_AVAILABILITY = YES_AGGRESSIVE;
				CLANG_WARN_UNREACHABLE_CODE = YES;
				CLANG_WARN__DUPLICATE_METHOD_MATCH = YES;
				COPY_PHASE_STRIP = NO;
				DEBUG_INFORMATION_FORMAT = "dwarf-with-dsym";
				ENABLE_NS_ASSERTIONS = NO;
				ENABLE_STRICT_OBJC_MSGSEND = YES;
				GCC_C_LANGUAGE_STANDARD = gnu11;
				GCC_NO_COMMON_BLOCKS = YES;
				GCC_WARN_64_TO_32_BIT_CONVERSION = YES;
				GCC_WARN_ABOUT_RETURN_TYPE = YES_ERROR;
				GCC_WARN_UNDECLARED_SELECTOR = YES;
				GCC_WARN_UNINITIALIZED_AUTOS = YES_AGGRESSIVE;
				GCC_WARN_UNUSED_FUNCTION = YES;
				GCC_WARN_UNUSED_VARIABLE = YES;
				IPHONEOS_DEPLOYMENT_TARGET = 14.5;
				MTL_ENABLE_DEBUG_INFO = NO;
				MTL_FAST_MATH = YES;
				SDKROOT = iphoneos;
				SWIFT_COMPILATION_MODE = wholemodule;
				SWIFT_OPTIMIZATION_LEVEL = "-O";
				VALIDATE_PRODUCT = YES;
			};
			name = Release;
		};
		5BBE34C62642E35000A2AAE0 /* Debug */ = {
			isa = XCBuildConfiguration;
			buildSettings = {
				ASSETCATALOG_COMPILER_APPICON_NAME = AppIcon;
				ASSETCATALOG_COMPILER_GLOBAL_ACCENT_COLOR_NAME = AccentColor;
				CODE_SIGN_STYLE = Automatic;
				DEVELOPMENT_ASSET_PATHS = "\"MemoryMastery/Preview Content\"";
				DEVELOPMENT_TEAM = NAACQA7M35;
				ENABLE_PREVIEWS = YES;
				INFOPLIST_FILE = MemoryMastery/Info.plist;
				IPHONEOS_DEPLOYMENT_TARGET = 13.6;
				LD_RUNPATH_SEARCH_PATHS = (
					"$(inherited)",
					"@executable_path/Frameworks",
				);
				PRODUCT_BUNDLE_IDENTIFIER = com.DaSheng.MemoryMastery;
				PRODUCT_NAME = "$(TARGET_NAME)";
				SWIFT_VERSION = 5.0;
				TARGETED_DEVICE_FAMILY = "1,2";
			};
			name = Debug;
		};
		5BBE34C72642E35000A2AAE0 /* Release */ = {
			isa = XCBuildConfiguration;
			buildSettings = {
				ASSETCATALOG_COMPILER_APPICON_NAME = AppIcon;
				ASSETCATALOG_COMPILER_GLOBAL_ACCENT_COLOR_NAME = AccentColor;
				CODE_SIGN_STYLE = Automatic;
				DEVELOPMENT_ASSET_PATHS = "\"MemoryMastery/Preview Content\"";
				DEVELOPMENT_TEAM = NAACQA7M35;
				ENABLE_PREVIEWS = YES;
				INFOPLIST_FILE = MemoryMastery/Info.plist;
				IPHONEOS_DEPLOYMENT_TARGET = 13.6;
				LD_RUNPATH_SEARCH_PATHS = (
					"$(inherited)",
					"@executable_path/Frameworks",
				);
				PRODUCT_BUNDLE_IDENTIFIER = com.DaSheng.MemoryMastery;
				PRODUCT_NAME = "$(TARGET_NAME)";
				SWIFT_VERSION = 5.0;
				TARGETED_DEVICE_FAMILY = "1,2";
			};
			name = Release;
		};
		5BBE34C92642E35000A2AAE0 /* Debug */ = {
			isa = XCBuildConfiguration;
			buildSettings = {
				ALWAYS_EMBED_SWIFT_STANDARD_LIBRARIES = YES;
				BUNDLE_LOADER = "$(TEST_HOST)";
				CODE_SIGN_STYLE = Automatic;
				DEVELOPMENT_TEAM = NAACQA7M35;
				INFOPLIST_FILE = MemoryMasteryTests/Info.plist;
				IPHONEOS_DEPLOYMENT_TARGET = 14.5;
				LD_RUNPATH_SEARCH_PATHS = (
					"$(inherited)",
					"@executable_path/Frameworks",
					"@loader_path/Frameworks",
				);
				PRODUCT_BUNDLE_IDENTIFIER = com.DaSheng.MemoryMasteryTests;
				PRODUCT_NAME = "$(TARGET_NAME)";
				SWIFT_VERSION = 5.0;
				TARGETED_DEVICE_FAMILY = "1,2";
				TEST_HOST = "$(BUILT_PRODUCTS_DIR)/MemoryMastery.app/MemoryMastery";
			};
			name = Debug;
		};
		5BBE34CA2642E35000A2AAE0 /* Release */ = {
			isa = XCBuildConfiguration;
			buildSettings = {
				ALWAYS_EMBED_SWIFT_STANDARD_LIBRARIES = YES;
				BUNDLE_LOADER = "$(TEST_HOST)";
				CODE_SIGN_STYLE = Automatic;
				DEVELOPMENT_TEAM = NAACQA7M35;
				INFOPLIST_FILE = MemoryMasteryTests/Info.plist;
				IPHONEOS_DEPLOYMENT_TARGET = 14.5;
				LD_RUNPATH_SEARCH_PATHS = (
					"$(inherited)",
					"@executable_path/Frameworks",
					"@loader_path/Frameworks",
				);
				PRODUCT_BUNDLE_IDENTIFIER = com.DaSheng.MemoryMasteryTests;
				PRODUCT_NAME = "$(TARGET_NAME)";
				SWIFT_VERSION = 5.0;
				TARGETED_DEVICE_FAMILY = "1,2";
				TEST_HOST = "$(BUILT_PRODUCTS_DIR)/MemoryMastery.app/MemoryMastery";
			};
			name = Release;
		};
		5BBE34CC2642E35000A2AAE0 /* Debug */ = {
			isa = XCBuildConfiguration;
			buildSettings = {
				ALWAYS_EMBED_SWIFT_STANDARD_LIBRARIES = YES;
				CODE_SIGN_STYLE = Automatic;
				DEVELOPMENT_TEAM = NAACQA7M35;
				INFOPLIST_FILE = MemoryMasteryUITests/Info.plist;
				LD_RUNPATH_SEARCH_PATHS = (
					"$(inherited)",
					"@executable_path/Frameworks",
					"@loader_path/Frameworks",
				);
				PRODUCT_BUNDLE_IDENTIFIER = com.DaSheng.MemoryMasteryUITests;
				PRODUCT_NAME = "$(TARGET_NAME)";
				SWIFT_VERSION = 5.0;
				TARGETED_DEVICE_FAMILY = "1,2";
				TEST_TARGET_NAME = MemoryMastery;
			};
			name = Debug;
		};
		5BBE34CD2642E35000A2AAE0 /* Release */ = {
			isa = XCBuildConfiguration;
			buildSettings = {
				ALWAYS_EMBED_SWIFT_STANDARD_LIBRARIES = YES;
				CODE_SIGN_STYLE = Automatic;
				DEVELOPMENT_TEAM = NAACQA7M35;
				INFOPLIST_FILE = MemoryMasteryUITests/Info.plist;
				LD_RUNPATH_SEARCH_PATHS = (
					"$(inherited)",
					"@executable_path/Frameworks",
					"@loader_path/Frameworks",
				);
				PRODUCT_BUNDLE_IDENTIFIER = com.DaSheng.MemoryMasteryUITests;
				PRODUCT_NAME = "$(TARGET_NAME)";
				SWIFT_VERSION = 5.0;
				TARGETED_DEVICE_FAMILY = "1,2";
				TEST_TARGET_NAME = MemoryMastery;
			};
			name = Release;
		};
/* End XCBuildConfiguration section */

/* Begin XCConfigurationList section */
		5BBE34962642E34D00A2AAE0 /* Build configuration list for PBXProject "MemoryMastery" */ = {
			isa = XCConfigurationList;
			buildConfigurations = (
				5BBE34C32642E35000A2AAE0 /* Debug */,
				5BBE34C42642E35000A2AAE0 /* Release */,
			);
			defaultConfigurationIsVisible = 0;
			defaultConfigurationName = Release;
		};
		5BBE34C52642E35000A2AAE0 /* Build configuration list for PBXNativeTarget "MemoryMastery" */ = {
			isa = XCConfigurationList;
			buildConfigurations = (
				5BBE34C62642E35000A2AAE0 /* Debug */,
				5BBE34C72642E35000A2AAE0 /* Release */,
			);
			defaultConfigurationIsVisible = 0;
			defaultConfigurationName = Release;
		};
		5BBE34C82642E35000A2AAE0 /* Build configuration list for PBXNativeTarget "MemoryMasteryTests" */ = {
			isa = XCConfigurationList;
			buildConfigurations = (
				5BBE34C92642E35000A2AAE0 /* Debug */,
				5BBE34CA2642E35000A2AAE0 /* Release */,
			);
			defaultConfigurationIsVisible = 0;
			defaultConfigurationName = Release;
		};
		5BBE34CB2642E35000A2AAE0 /* Build configuration list for PBXNativeTarget "MemoryMasteryUITests" */ = {
			isa = XCConfigurationList;
			buildConfigurations = (
				5BBE34CC2642E35000A2AAE0 /* Debug */,
				5BBE34CD2642E35000A2AAE0 /* Release */,
			);
			defaultConfigurationIsVisible = 0;
			defaultConfigurationName = Release;
		};
/* End XCConfigurationList section */
	};
	rootObject = 5BBE34932642E34D00A2AAE0 /* Project object */;
}
